{
  "version": "3",
  "packages": {
    "specifiers": {
      "jsr:@lala/mieruko@^0.0.1": "jsr:@lala/mieruko@0.0.1"
    },
    "jsr": {
      "@lala/mieruko@0.0.1": {
        "integrity": "37e6b599dc01f55f8ff51ab2b5371a2f8fcdf4bbe4beb33faa3e78a0b61b59b4"
      }
    }
  },
  "redirects": {
    "https://crux.land/router@0.0.11": "https://crux.land/api/get/uYQG.ts"
  },
  "remote": {
    "https://crux.land/api/get/uYQG.ts": "7be58811e3095cf468a323380aff64515bc30d025da53262894cbca77f50fefc",
    "https://deno.land/std@0.150.0/_util/assert.ts": "e94f2eb37cebd7f199952e242c77654e43333c1ac4c5c700e929ea3aa5489f74",
    "https://deno.land/std@0.150.0/_util/os.ts": "3b4c6e27febd119d36a416d7a97bd3b0251b77c88942c8f16ee5953ea13e2e49",
    "https://deno.land/std@0.150.0/async/abortable.ts": "87aa7230be8360c24ad437212311c9e8d4328854baec27b4c7abb26e85515c06",
    "https://deno.land/std@0.150.0/async/deadline.ts": "48ac998d7564969f3e6ec6b6f9bf0217ebd00239b1b2292feba61272d5dd58d0",
    "https://deno.land/std@0.150.0/async/debounce.ts": "564273ef242bcfcda19a439132f940db8694173abffc159ea34f07d18fc42620",
    "https://deno.land/std@0.150.0/async/deferred.ts": "bc18e28108252c9f67dfca2bbc4587c3cbf3aeb6e155f8c864ca8ecff992b98a",
    "https://deno.land/std@0.150.0/async/delay.ts": "cbbdf1c87d1aed8edc7bae13592fb3e27e3106e0748f089c263390d4f49e5f6c",
    "https://deno.land/std@0.150.0/async/mod.ts": "9852cd8ed897ab2d41a8fbee611d574e97898327db5c19d9d58e41126473f02c",
    "https://deno.land/std@0.150.0/async/mux_async_iterator.ts": "5b4aca6781ad0f2e19ccdf1d1a1c092ccd3e00d52050d9c27c772658c8367256",
    "https://deno.land/std@0.150.0/async/pool.ts": "ef9eb97b388543acbf0ac32647121e4dbe629236899586c4d4311a8770fbb239",
    "https://deno.land/std@0.150.0/async/tee.ts": "bcfae0017ebb718cf4eef9e2420e8675d91cb1bcc0ed9b668681af6e6caad846",
    "https://deno.land/std@0.150.0/flags/mod.ts": "594472736e24b2f2afd3451cf7ccd58a21706ce91006478a544fdfa056c69697",
    "https://deno.land/std@0.150.0/fs/_util.ts": "2cf50bfb1081c2d5f2efec10ac19abbc2baf478e51cd1b057d0da2f30585b6ba",
    "https://deno.land/std@0.150.0/fs/walk.ts": "6ce8d87fbaeda23383e979599ad27f3f94b3e5ff0c0cd976b5fc5c2aa0df7d92",
    "https://deno.land/std@0.150.0/http/http_status.ts": "897575a7d6bc2b9123f6a38ecbc0f03d95a532c5d92029315dc9f508e12526b8",
    "https://deno.land/std@0.150.0/http/server.ts": "0b0a9f3abfcfecead944b31ee9098a0c11a59b0495bf873ee200eb80e7441483",
    "https://deno.land/std@0.150.0/media_types/_util.ts": "ce9b4fc4ba1c447dafab619055e20fd88236ca6bdd7834a21f98bd193c3fbfa1",
    "https://deno.land/std@0.150.0/media_types/mod.ts": "2d4b6f32a087029272dc59e0a55ae3cc4d1b27b794ccf528e94b1925795b3118",
    "https://deno.land/std@0.150.0/media_types/vendor/mime-db.v1.52.0.ts": "724cee25fa40f1a52d3937d6b4fbbfdd7791ff55e1b7ac08d9319d5632c7f5af",
    "https://deno.land/std@0.150.0/path/_constants.ts": "df1db3ffa6dd6d1252cc9617e5d72165cd2483df90e93833e13580687b6083c3",
    "https://deno.land/std@0.150.0/path/_interface.ts": "ee3b431a336b80cf445441109d089b70d87d5e248f4f90ff906820889ecf8d09",
    "https://deno.land/std@0.150.0/path/_util.ts": "c1e9686d0164e29f7d880b2158971d805b6e0efc3110d0b3e24e4b8af2190d2b",
    "https://deno.land/std@0.150.0/path/common.ts": "bee563630abd2d97f99d83c96c2fa0cca7cee103e8cb4e7699ec4d5db7bd2633",
    "https://deno.land/std@0.150.0/path/glob.ts": "cb5255638de1048973c3e69e420c77dc04f75755524cb3b2e160fe9277d939ee",
    "https://deno.land/std@0.150.0/path/mod.ts": "4945b430b759b0b3d98f2a278542cbcf95e0ad2bd8eaaed3c67322b306b2b346",
    "https://deno.land/std@0.150.0/path/posix.ts": "c1f7afe274290ea0b51da07ee205653b2964bd74909a82deb07b69a6cc383aaa",
    "https://deno.land/std@0.150.0/path/separator.ts": "fe1816cb765a8068afb3e8f13ad272351c85cbc739af56dacfc7d93d710fe0f9",
    "https://deno.land/std@0.150.0/path/win32.ts": "bd7549042e37879c68ff2f8576a25950abbfca1d696d41d82c7bca0b7e6f452c",
    "https://deno.land/std@0.150.0/semver/mod.ts": "4a5195fa81b4aede8875a386550a1119f01fb58d74aea899b2cfb136c05a7310",
    "https://deno.land/std@0.153.0/encoding/base64.ts": "c57868ca7fa2fbe919f57f88a623ad34e3d970d675bdc1ff3a9d02bba7409db2",
    "https://deno.land/std@0.153.0/media_types/_util.ts": "ce9b4fc4ba1c447dafab619055e20fd88236ca6bdd7834a21f98bd193c3fbfa1",
    "https://deno.land/std@0.153.0/media_types/mod.ts": "74885352135624774b8cd164f3a9d866aac1e0dc3ccb5412e2a2d56ed4b1fc99",
    "https://deno.land/std@0.153.0/media_types/vendor/mime-db.v1.52.0.ts": "724cee25fa40f1a52d3937d6b4fbbfdd7791ff55e1b7ac08d9319d5632c7f5af",
    "https://deno.land/x/denoflate@1.2.1/mod.ts": "f5628e44b80b3d80ed525afa2ba0f12408e3849db817d47a883b801f9ce69dd6",
    "https://deno.land/x/denoflate@1.2.1/pkg/denoflate.js": "b9f9ad9457d3f12f28b1fb35c555f57443427f74decb403113d67364e4f2caf4",
    "https://deno.land/x/denoflate@1.2.1/pkg/denoflate_bg.wasm.js": "d581956245407a2115a3d7e8d85a9641c032940a8e810acbd59ca86afd34d44d",
    "https://deno.land/x/denouse@v0.0.2/add/addComma.ts": "1d0e543255e7ae535be2b0510972a79ab7f16492ddf04ce77b3af128b5dc587d",
    "https://deno.land/x/denouse@v0.0.2/add/addZero.ts": "87fa4c2c3fc4f7ce43e3e3b1cd69e20944e7600ccc355d60f2c51b337e5a01c4",
    "https://deno.land/x/denouse@v0.0.2/add/mod.ts": "5b74c825ee9543bc7a81273c002dbb79b62bc24e4e8c1082cce61334db4f4c38",
    "https://deno.land/x/denouse@v0.0.2/mod.ts": "532294ad198371a0c2e68434ea2fd9a70fbfc2712a44e48f56e8721fef4d8d0c",
    "https://deno.land/x/denouse@v0.0.2/remove/mod.ts": "ac98e536b058cd925322bfe9e1b8be5c8754a1ba5aeb757bc260274684dbdb4a",
    "https://deno.land/x/denouse@v0.0.2/remove/removeDuplicates.ts": "f00254f4302e3401ed07f3b692a3f16d578b5310b8425a557f7b94ec791da63d",
    "https://deno.land/x/denouse@v0.0.2/use/datetime/mod.ts": "3dca072e4a0b1243567ec7caf2d4bbc57094ca7f609074cfc57cf64a4b206977",
    "https://deno.land/x/denouse@v0.0.2/use/datetime/useDuration.ts": "ad1704be1a47b75d581e8030a677b881c92d8f4a23348669066c01b1e478ed19",
    "https://deno.land/x/denouse@v0.0.2/use/datetime/useTime.ts": "d32ba48ba0f5928ea8b323dbd09a5e6d2cf96beea79f66c77260747cff43ee48",
    "https://deno.land/x/denouse@v0.0.2/use/math/mod.ts": "33e6292dddfb0aa9e093168056ba0ec8f517cf0a3fa78240b4f93f66df606b96",
    "https://deno.land/x/denouse@v0.0.2/use/math/useBezier.ts": "e42bd5514e28bc9868a3cdc8ff2dce2d944ead3c46b387758f84ae18c65ace00",
    "https://deno.land/x/denouse@v0.0.2/use/math/useDistribute.ts": "6ebb50da5245449fc4733faf4101a20e37a473c2fbc879dd03ea60f12d309bca",
    "https://deno.land/x/denouse@v0.0.2/use/math/useRegression.ts": "2507065b27aadaa0eed535fe475811ca8bc1691b680f9211cf4b16ed3de9d1ae",
    "https://deno.land/x/denouse@v0.0.2/use/mod.ts": "5a7f3ab1982ca89b937e33918990b6aea82810155ec2196eb89910ce004e6c06",
    "https://deno.land/x/denouse@v0.0.2/use/random/mod.ts": "3b5240758b0f84d55305aee4090470c54092bf874e8f7d43474e988b939513e1",
    "https://deno.land/x/denouse@v0.0.2/use/random/useGacha.ts": "aa34c90ece35b31d861d60b2817ddfaccee560ee337a0207028ee6fe3b03160b",
    "https://deno.land/x/denouse@v0.0.2/use/random/useGaussian.ts": "c1477e6fc4953b40f6528d749dc5122fb85f325eb83656bc2a12ee69424529f2",
    "https://deno.land/x/denouse@v0.0.2/use/random/useRNG.ts": "213dff1b1a39ae4621d35330eb19a3f96170949e8ca429e8028a1fdf86c61f22",
    "https://deno.land/x/denouse@v0.0.2/use/random/useRearrange.ts": "d363e8eaad474b798cb7ef4cec1d131b5f21ac022d25f94ef53d2706c518c02c",
    "https://deno.land/x/esbuild@v0.14.51/mod.js": "7432566c71fac77637822dc230319c7392a2d2fef51204c9d12c956d7093c279",
    "https://deno.land/x/esbuild@v0.14.51/wasm.js": "afc1b6927543b664af60ce452c4929e5dc2bb9a0f4ed47b446a6431847c7598e",
    "https://deno.land/x/esbuild_deno_loader@0.5.2/deps.ts": "bf83c27b7787b2f245fa0bc0b99f5041aa949c000a81c016cfe828d06b476d37",
    "https://deno.land/x/esbuild_deno_loader@0.5.2/mod.ts": "bc111a68f323dbdb6edec68dd558ab732b27866d2ef304708872d763387b65d7",
    "https://deno.land/x/esbuild_deno_loader@0.5.2/src/deno.ts": "0e83ccabbe2b004389288e38df2031b79eb347df2d139fce9394d8e88a11f259",
    "https://deno.land/x/esbuild_deno_loader@0.5.2/src/native_loader.ts": "343854a566cf510cf25144f7c09fc0c1097780a31830305142a075d12bb697ba",
    "https://deno.land/x/esbuild_deno_loader@0.5.2/src/portable_loader.ts": "35b6c526eed8c2c781a3256b23c30aa7cce69c0ef1d583c15528663287ba18a3",
    "https://deno.land/x/esbuild_deno_loader@0.5.2/src/shared.ts": "b64749cd8c0f6252a11498bd8758ef1220003e46b2c9b68e16da63fd7e92b13a",
    "https://deno.land/x/fresh@1.0.2/dev.ts": "a66c7d64be35bcd6a8e12eec9c27ae335044c70363a241f2e36ee776db468622",
    "https://deno.land/x/fresh@1.0.2/runtime.ts": "b02ec1e2e32cf73a33d262b7c9dcab9468ce16cd89fd424196c71003698a4ab0",
    "https://deno.land/x/fresh@1.0.2/server.ts": "f379c9aad24471a71e58fb887fa57e5cc27ad9df035987eb260541c78df38e84",
    "https://deno.land/x/fresh@1.0.2/src/dev/deps.ts": "f8c9535688ab63f6cd5bd8477f5f0a665b7baab3e3bda343e6d824b1521eed4d",
    "https://deno.land/x/fresh@1.0.2/src/dev/error.ts": "21a38d240c00279662e6adde41367f1da0ae7e2836d993f818ea94aabab53e7b",
    "https://deno.land/x/fresh@1.0.2/src/dev/mod.ts": "b37d7c2f6b2a502d2a8ced7c3ab3cbf4404458566274226eac5d3fee310b26fa",
    "https://deno.land/x/fresh@1.0.2/src/runtime/csp.ts": "9ee900e9b0b786057b1009da5976298c202d1b86d1f1e4d2510bde5f06530ac9",
    "https://deno.land/x/fresh@1.0.2/src/runtime/head.ts": "0f9932874497ab6e57ed1ba01d549e843523df4a5d36ef97460e7a43e3132fdc",
    "https://deno.land/x/fresh@1.0.2/src/runtime/utils.ts": "8320a874a44bdd5905c7d4b87a0e7a14a6c50a2ed133800e72ae57341e4d4faa",
    "https://deno.land/x/fresh@1.0.2/src/server/bundle.ts": "ab5afa89da62aaf12b3fb9ef9ee6e71e5d92abafe9f4169305939007e16a47ba",
    "https://deno.land/x/fresh@1.0.2/src/server/constants.ts": "ad10dda1bc20c25c2926f6a8cfd79ef4368d70b4b03a645f65c04b3fa7d93a8c",
    "https://deno.land/x/fresh@1.0.2/src/server/context.ts": "90001a33e8298a55654d80017a0e684b7132f7eb41ea9dee041d982742dd84d5",
    "https://deno.land/x/fresh@1.0.2/src/server/default_error_page.tsx": "b216f6688080ead5a2a9997d04a98eb9e11cf5a87391c2a85458b48ab0fe2933",
    "https://deno.land/x/fresh@1.0.2/src/server/deps.ts": "7629e67c2ec6221b2596c1ec7215bfea68d8784645cc5627e208eb808f2beb4c",
    "https://deno.land/x/fresh@1.0.2/src/server/mod.ts": "5ee410a16d56d0884772d2f5674fe519d2159f9311c99e03a5631079064320a8",
    "https://deno.land/x/fresh@1.0.2/src/server/render.tsx": "7835efdac931c21d27eb145fb5eb429e54b6f7b2c42442a627cfaad9bd062cca",
    "https://deno.land/x/fresh@1.0.2/src/server/types.ts": "c968f263626f2fd5b5fc44b31982eaf3cfd9c0ced5f961d257bdfdbcfb2ed8cb",
    "https://deno.land/x/importmap@0.2.1/_util.ts": "ada9a9618b537e6c0316c048a898352396c882b9f2de38aba18fd3f2950ede89",
    "https://deno.land/x/importmap@0.2.1/mod.ts": "ae3d1cd7eabd18c01a4960d57db471126b020f23b37ef14e1359bbb949227ade",
    "https://deno.land/x/sqlite@v3.4.1/build/sqlite.js": "eb27a86241d51d911fefcc7a2ce243f647731bd545144e842d76a47c375aa1de",
    "https://deno.land/x/sqlite@v3.4.1/build/vfs.js": "01bae9acd531a68590479da0571b68e71357922a1e2f5ef91382ea3f2b22a3f5",
    "https://deno.land/x/sqlite@v3.4.1/mod.ts": "eb55ff3e103826ee735fa1a8ec2db6e96c8fec826faf198239c66a0fe635c4b6",
    "https://deno.land/x/sqlite@v3.4.1/src/constants.ts": "b967237b460fafa03ca03aeddb33953bed41c7cbdc309a934e2329a5c84079ac",
    "https://deno.land/x/sqlite@v3.4.1/src/db.ts": "7ab765f31a07da0de4a5a421cc8f3f6298ce77518242a1f7c6f896b79e483882",
    "https://deno.land/x/sqlite@v3.4.1/src/error.ts": "abf9df169951faf8c21a68d99ef9efd257c788c19784f27dd147507fbdfe5fe7",
    "https://deno.land/x/sqlite@v3.4.1/src/query.ts": "df4d3d6b23d52b36243dd47c07ed6ed7cd23f7834a0f6a2f2c6dbffba63d4c28",
    "https://deno.land/x/sqlite@v3.4.1/src/wasm.ts": "e79d0baa6e42423257fb3c7cc98091c54399254867e0f34a09b5bdef37bd9487",
    "https://esm.sh/image-size@1.0.2": "61079856d7c5faecc7757c5ff10b2965a6d885162f2e8fa5895de99710f2423f",
    "https://esm.sh/preact-render-to-string@5.2.1?external=preact": "8b97da0ddc0e3a6540bb9ce558659d52c2c0f88f724b89231f00240499d4e7d9",
    "https://esm.sh/preact@10.10.0": "976954e81029a68fb7debb03444bce751b46ce2ac4f7ac82d8651af22732f3b1",
    "https://esm.sh/preact@10.10.0/hooks": "77a369bcfb1f44a8b88f811c9fd1efda6fda93429144999e18203f48db60e4ca",
    "https://esm.sh/stable/preact@10.10.0/denonext/hooks.js": "630a8f3d9ede877133ffa487286212a653d1b1907ffff07d54a0138150863a80",
    "https://esm.sh/stable/preact@10.10.0/denonext/preact.mjs": "69c987d44b40e1dcc0a97ac9aadc681c5807f5425c556c8f3a0f15f5844cf1d0",
    "https://esm.sh/twind@0.16.17": "8c03c433701a161a6d2e474409713306587ba43fd031a198039fb16ec43abc0c",
    "https://esm.sh/twind@0.16.17/sheets": "e28be79aa912e4ea47443fa756320c57d5dda5cb5ab9d93af16c53f088328930",
    "https://esm.sh/v128/style-vendorizer@2.2.3/denonext/style-vendorizer.mjs": "121455e7b04b631ef6463ce63cdcd29febd74d88c37713c774ceca8a1561c83d",
    "https://esm.sh/v128/twind@0.16.17/denonext/sheets.js": "2903e4706310977e97d39560c1ef0938097e746b8aa7b0c4503a96c5b6abd2e5",
    "https://esm.sh/v128/twind@0.16.17/denonext/twind.mjs": "28c5dcb8c472d0dc4f36b36ab8d6f46f26ab6c9fffe5220266bd63ed62e33f80",
    "https://esm.sh/v135/image-size@1.0.2/denonext/image-size.mjs": "7338fa6a4bfb32b373b30c4fd7c4799b32523e48e106d85abeab36ab71bc2ccb",
    "https://esm.sh/v135/inherits@2.0.4/denonext/inherits.mjs": "8095f3d6aea060c904fb24ae50f2882779c0acbe5d56814514c8b5153f3b4b3b",
    "https://esm.sh/v135/preact-render-to-string@5.2.1/X-ZS9wcmVhY3Q/denonext/preact-render-to-string.mjs": "71852dd982b8fff3c2ff4ada088837787ed078a7493e0c0ce04c160a3f5b53ca",
    "https://esm.sh/v135/queue@6.0.2/denonext/queue.mjs": "e5e9088fe265f6848c58500787521871f015dc924d3bc4d2fd7497eed22e5e69"
  }
}
